// !$*UTF8*$!
{
	archiveVersion = 1;
	classes = {
	};
	objectVersion = 56;
	objects = {

/* Begin PBXBuildFile section */
		AA0A7552298AA6AE005D421E /* AppDelegate.swift in Sources */ = {isa = PBXBuildFile; fileRef = AA0A7551298AA6AE005D421E /* AppDelegate.swift */; };
		AA0A7556298AA6AE005D421E /* CarViewController.swift in Sources */ = {isa = PBXBuildFile; fileRef = AA0A7555298AA6AE005D421E /* CarViewController.swift */; };
		AA0A755B298AA6AF005D421E /* Assets.xcassets in Resources */ = {isa = PBXBuildFile; fileRef = AA0A755A298AA6AF005D421E /* Assets.xcassets */; };
		AA0A755E298AA6AF005D421E /* LaunchScreen.storyboard in Resources */ = {isa = PBXBuildFile; fileRef = AA0A755C298AA6AF005D421E /* LaunchScreen.storyboard */; };
		AA2B0984298AA9C100C9388F /* ViewConfiguration.swift in Sources */ = {isa = PBXBuildFile; fileRef = AA2B0983298AA9C100C9388F /* ViewConfiguration.swift */; };
		AA2B0987298AA9ED00C9388F /* NSLayoutConstraints+Extension.swift in Sources */ = {isa = PBXBuildFile; fileRef = AA2B0986298AA9ED00C9388F /* NSLayoutConstraints+Extension.swift */; };
		AA2B098C298AACDB00C9388F /* HomeTableViewCell.swift in Sources */ = {isa = PBXBuildFile; fileRef = AA2B098B298AACDB00C9388F /* HomeTableViewCell.swift */; };
		AA2B098E298AADE500C9388F /* StackView+Extension.swift in Sources */ = {isa = PBXBuildFile; fileRef = AA2B098D298AADE500C9388F /* StackView+Extension.swift */; };
		AA2B0991298AB42100C9388F /* AddCarViewController.swift in Sources */ = {isa = PBXBuildFile; fileRef = AA2B0990298AB42100C9388F /* AddCarViewController.swift */; };
		AA2B0993298AB4B600C9388F /* AddCarViewModel.swift in Sources */ = {isa = PBXBuildFile; fileRef = AA2B0992298AB4B600C9388F /* AddCarViewModel.swift */; };
		AA2B0997298AB51D00C9388F /* CarViewModel.swift in Sources */ = {isa = PBXBuildFile; fileRef = AA2B0996298AB51D00C9388F /* CarViewModel.swift */; };
/* End PBXBuildFile section */

/* Begin PBXFileReference section */
		AA0A754E298AA6AE005D421E /* Carangas.app */ = {isa = PBXFileReference; explicitFileType = wrapper.application; includeInIndex = 0; path = Carangas.app; sourceTree = BUILT_PRODUCTS_DIR; };
		AA0A7551298AA6AE005D421E /* AppDelegate.swift */ = {isa = PBXFileReference; lastKnownFileType = sourcecode.swift; path = AppDelegate.swift; sourceTree = "<group>"; };
		AA0A7555298AA6AE005D421E /* CarViewController.swift */ = {isa = PBXFileReference; lastKnownFileType = sourcecode.swift; path = CarViewController.swift; sourceTree = "<group>"; };
		AA0A755A298AA6AF005D421E /* Assets.xcassets */ = {isa = PBXFileReference; lastKnownFileType = folder.assetcatalog; path = Assets.xcassets; sourceTree = "<group>"; };
		AA0A755D298AA6AF005D421E /* Base */ = {isa = PBXFileReference; lastKnownFileType = file.storyboard; name = Base; path = Base.lproj/LaunchScreen.storyboard; sourceTree = "<group>"; };
		AA0A755F298AA6AF005D421E /* Info.plist */ = {isa = PBXFileReference; lastKnownFileType = text.plist.xml; path = Info.plist; sourceTree = "<group>"; };
		AA2B0983298AA9C100C9388F /* ViewConfiguration.swift */ = {isa = PBXFileReference; lastKnownFileType = sourcecode.swift; path = ViewConfiguration.swift; sourceTree = "<group>"; };
		AA2B0986298AA9ED00C9388F /* NSLayoutConstraints+Extension.swift */ = {isa = PBXFileReference; lastKnownFileType = sourcecode.swift; path = "NSLayoutConstraints+Extension.swift"; sourceTree = "<group>"; };
		AA2B098B298AACDB00C9388F /* HomeTableViewCell.swift */ = {isa = PBXFileReference; lastKnownFileType = sourcecode.swift; path = HomeTableViewCell.swift; sourceTree = "<group>"; };
		AA2B098D298AADE500C9388F /* StackView+Extension.swift */ = {isa = PBXFileReference; lastKnownFileType = sourcecode.swift; path = "StackView+Extension.swift"; sourceTree = "<group>"; };
		AA2B0990298AB42100C9388F /* AddCarViewController.swift */ = {isa = PBXFileReference; lastKnownFileType = sourcecode.swift; path = AddCarViewController.swift; sourceTree = "<group>"; };
		AA2B0992298AB4B600C9388F /* AddCarViewModel.swift */ = {isa = PBXFileReference; lastKnownFileType = sourcecode.swift; path = AddCarViewModel.swift; sourceTree = "<group>"; };
		AA2B0996298AB51D00C9388F /* CarViewModel.swift */ = {isa = PBXFileReference; lastKnownFileType = sourcecode.swift; path = CarViewModel.swift; sourceTree = "<group>"; };
/* End PBXFileReference section */

/* Begin PBXFrameworksBuildPhase section */
		AA0A754B298AA6AE005D421E /* Frameworks */ = {
			isa = PBXFrameworksBuildPhase;
			buildActionMask = 2147483647;
			files = (
			);
			runOnlyForDeploymentPostprocessing = 0;
		};
/* End PBXFrameworksBuildPhase section */

/* Begin PBXGroup section */
		AA0A7545298AA6AE005D421E = {
			isa = PBXGroup;
			children = (
				AA0A7550298AA6AE005D421E /* Carangas */,
				AA0A754F298AA6AE005D421E /* Products */,
			);
			sourceTree = "<group>";
		};
		AA0A754F298AA6AE005D421E /* Products */ = {
			isa = PBXGroup;
			children = (
				AA0A754E298AA6AE005D421E /* Carangas.app */,
			);
			name = Products;
			sourceTree = "<group>";
		};
		AA0A7550298AA6AE005D421E /* Carangas */ = {
			isa = PBXGroup;
			children = (
				AA2B0985298AA9D800C9388F /* Extensions */,
				AA2B0982298AA9AD00C9388F /* Shared */,
				AA0A7568298AA75E005D421E /* Commons */,
				AA0A7566298AA73F005D421E /* Modules */,
			);
			path = Carangas;
			sourceTree = "<group>";
		};
		AA0A7566298AA73F005D421E /* Modules */ = {
			isa = PBXGroup;
			children = (
				AA0A7567298AA747005D421E /* Home */,
				AA2B098F298AB3DD00C9388F /* DetailAddCar */,
			);
			path = Modules;
			sourceTree = "<group>";
		};
		AA0A7567298AA747005D421E /* Home */ = {
			isa = PBXGroup;
			children = (
				AA2B0988298AAA0800C9388F /* View */,
				AA2B098A298AACC100C9388F /* Cell */,
				AA2B0989298AAA0E00C9388F /* ViewModel */,
			);
			path = Home;
			sourceTree = "<group>";
		};
		AA0A7568298AA75E005D421E /* Commons */ = {
			isa = PBXGroup;
			children = (
				AA0A7551298AA6AE005D421E /* AppDelegate.swift */,
				AA0A755A298AA6AF005D421E /* Assets.xcassets */,
				AA0A755C298AA6AF005D421E /* LaunchScreen.storyboard */,
				AA0A755F298AA6AF005D421E /* Info.plist */,
			);
			name = Commons;
			sourceTree = "<group>";
		};
		AA2B0982298AA9AD00C9388F /* Shared */ = {
			isa = PBXGroup;
			children = (
				AA2B0983298AA9C100C9388F /* ViewConfiguration.swift */,
			);
			path = Shared;
			sourceTree = "<group>";
		};
		AA2B0985298AA9D800C9388F /* Extensions */ = {
			isa = PBXGroup;
			children = (
				AA2B0986298AA9ED00C9388F /* NSLayoutConstraints+Extension.swift */,
				AA2B098D298AADE500C9388F /* StackView+Extension.swift */,
			);
			path = Extensions;
			sourceTree = "<group>";
		};
		AA2B0988298AAA0800C9388F /* View */ = {
			isa = PBXGroup;
			children = (
				AA0A7555298AA6AE005D421E /* CarViewController.swift */,
			);
			path = View;
			sourceTree = "<group>";
		};
		AA2B0989298AAA0E00C9388F /* ViewModel */ = {
			isa = PBXGroup;
			children = (
				AA2B0996298AB51D00C9388F /* CarViewModel.swift */,
			);
			path = ViewModel;
			sourceTree = "<group>";
		};
		AA2B098A298AACC100C9388F /* Cell */ = {
			isa = PBXGroup;
			children = (
				AA2B098B298AACDB00C9388F /* HomeTableViewCell.swift */,
			);
			path = Cell;
			sourceTree = "<group>";
		};
		AA2B098F298AB3DD00C9388F /* DetailAddCar */ = {
			isa = PBXGroup;
			children = (
				AA2B0995298AB4D900C9388F /* View */,
				AA2B0994298AB4D500C9388F /* ViewModel */,
			);
			path = DetailAddCar;
			sourceTree = "<group>";
		};
		AA2B0994298AB4D500C9388F /* ViewModel */ = {
			isa = PBXGroup;
			children = (
				AA2B0992298AB4B600C9388F /* AddCarViewModel.swift */,
			);
			path = ViewModel;
			sourceTree = "<group>";
		};
		AA2B0995298AB4D900C9388F /* View */ = {
			isa = PBXGroup;
			children = (
				AA2B0990298AB42100C9388F /* AddCarViewController.swift */,
			);
			path = View;
			sourceTree = "<group>";
		};
/* End PBXGroup section */

/* Begin PBXNativeTarget section */
		AA0A754D298AA6AE005D421E /* Carangas */ = {
			isa = PBXNativeTarget;
			buildConfigurationList = AA0A7562298AA6AF005D421E /* Build configuration list for PBXNativeTarget "Carangas" */;
			buildPhases = (
				AA0A754A298AA6AE005D421E /* Sources */,
				AA0A754B298AA6AE005D421E /* Frameworks */,
				AA0A754C298AA6AE005D421E /* Resources */,
			);
			buildRules = (
			);
			dependencies = (
			);
			name = Carangas;
			productName = Carangas;
			productReference = AA0A754E298AA6AE005D421E /* Carangas.app */;
			productType = "com.apple.product-type.application";
		};
/* End PBXNativeTarget section */

/* Begin PBXProject section */
		AA0A7546298AA6AE005D421E /* Project object */ = {
			isa = PBXProject;
			attributes = {
				BuildIndependentTargetsInParallel = 1;
				LastSwiftUpdateCheck = 1420;
				LastUpgradeCheck = 1420;
				TargetAttributes = {
					AA0A754D298AA6AE005D421E = {
						CreatedOnToolsVersion = 14.2;
					};
				};
			};
			buildConfigurationList = AA0A7549298AA6AE005D421E /* Build configuration list for PBXProject "Carangas" */;
			compatibilityVersion = "Xcode 14.0";
			developmentRegion = en;
			hasScannedForEncodings = 0;
			knownRegions = (
				en,
				Base,
			);
			mainGroup = AA0A7545298AA6AE005D421E;
			productRefGroup = AA0A754F298AA6AE005D421E /* Products */;
			projectDirPath = "";
			projectRoot = "";
			targets = (
				AA0A754D298AA6AE005D421E /* Carangas */,
			);
		};
/* End PBXProject section */

/* Begin PBXResourcesBuildPhase section */
		AA0A754C298AA6AE005D421E /* Resources */ = {
			isa = PBXResourcesBuildPhase;
			buildActionMask = 2147483647;
			files = (
				AA0A755E298AA6AF005D421E /* LaunchScreen.storyboard in Resources */,
				AA0A755B298AA6AF005D421E /* Assets.xcassets in Resources */,
			);
			runOnlyForDeploymentPostprocessing = 0;
		};
/* End PBXResourcesBuildPhase section */

/* Begin PBXSourcesBuildPhase section */
		AA0A754A298AA6AE005D421E /* Sources */ = {
			isa = PBXSourcesBuildPhase;
			buildActionMask = 2147483647;
			files = (
				AA2B0991298AB42100C9388F /* AddCarViewController.swift in Sources */,
				AA2B0984298AA9C100C9388F /* ViewConfiguration.swift in Sources */,
				AA2B098C298AACDB00C9388F /* HomeTableViewCell.swift in Sources */,
				AA2B0993298AB4B600C9388F /* AddCarViewModel.swift in Sources */,
				AA2B0987298AA9ED00C9388F /* NSLayoutConstraints+Extension.swift in Sources */,
				AA0A7556298AA6AE005D421E /* CarViewController.swift in Sources */,
				AA0A7552298AA6AE005D421E /* AppDelegate.swift in Sources */,
				AA2B0997298AB51D00C9388F /* CarViewModel.swift in Sources */,
				AA2B098E298AADE500C9388F /* StackView+Extension.swift in Sources */,
			);
			runOnlyForDeploymentPostprocessing = 0;
		};
/* End PBXSourcesBuildPhase section */

/* Begin PBXVariantGroup section */
		AA0A755C298AA6AF005D421E /* LaunchScreen.storyboard */ = {
			isa = PBXVariantGroup;
			children = (
				AA0A755D298AA6AF005D421E /* Base */,
			);
			name = LaunchScreen.storyboard;
			sourceTree = "<group>";
		};
/* End PBXVariantGroup section */

/* Begin XCBuildConfiguration section */
		AA0A7560298AA6AF005D421E /* Debug */ = {
			isa = XCBuildConfiguration;
			buildSettings = {
				ALWAYS_SEARCH_USER_PATHS = NO;
				CLANG_ANALYZER_NONNULL = YES;
				CLANG_ANALYZER_NUMBER_OBJECT_CONVERSION = YES_AGGRESSIVE;
				CLANG_CXX_LANGUAGE_STANDARD = "gnu++20";
				CLANG_ENABLE_MODULES = YES;
				CLANG_ENABLE_OBJC_ARC = YES;
				CLANG_ENABLE_OBJC_WEAK = YES;
				CLANG_WARN_BLOCK_CAPTURE_AUTORELEASING = YES;
				CLANG_WARN_BOOL_CONVERSION = YES;
				CLANG_WARN_COMMA = YES;
				CLANG_WARN_CONSTANT_CONVERSION = YES;
				CLANG_WARN_DEPRECATED_OBJC_IMPLEMENTATIONS = YES;
				CLANG_WARN_DIRECT_OBJC_ISA_USAGE = YES_ERROR;
				CLANG_WARN_DOCUMENTATION_COMMENTS = YES;
				CLANG_WARN_EMPTY_BODY = YES;
				CLANG_WARN_ENUM_CONVERSION = YES;
				CLANG_WARN_INFINITE_RECURSION = YES;
				CLANG_WARN_INT_CONVERSION = YES;
				CLANG_WARN_NON_LITERAL_NULL_CONVERSION = YES;
				CLANG_WARN_OBJC_IMPLICIT_RETAIN_SELF = YES;
				CLANG_WARN_OBJC_LITERAL_CONVERSION = YES;
				CLANG_WARN_OBJC_ROOT_CLASS = YES_ERROR;
				CLANG_WARN_QUOTED_INCLUDE_IN_FRAMEWORK_HEADER = YES;
				CLANG_WARN_RANGE_LOOP_ANALYSIS = YES;
				CLANG_WARN_STRICT_PROTOTYPES = YES;
				CLANG_WARN_SUSPICIOUS_MOVE = YES;
				CLANG_WARN_UNGUARDED_AVAILABILITY = YES_AGGRESSIVE;
				CLANG_WARN_UNREACHABLE_CODE = YES;
				CLANG_WARN__DUPLICATE_METHOD_MATCH = YES;
				COPY_PHASE_STRIP = NO;
				DEBUG_INFORMATION_FORMAT = dwarf;
				ENABLE_STRICT_OBJC_MSGSEND = YES;
				ENABLE_TESTABILITY = YES;
				GCC_C_LANGUAGE_STANDARD = gnu11;
				GCC_DYNAMIC_NO_PIC = NO;
				GCC_NO_COMMON_BLOCKS = YES;
				GCC_OPTIMIZATION_LEVEL = 0;
				GCC_PREPROCESSOR_DEFINITIONS = (
					"DEBUG=1",
					"$(inherited)",
				);
				GCC_WARN_64_TO_32_BIT_CONVERSION = YES;
				GCC_WARN_ABOUT_RETURN_TYPE = YES_ERROR;
				GCC_WARN_UNDECLARED_SELECTOR = YES;
				GCC_WARN_UNINITIALIZED_AUTOS = YES_AGGRESSIVE;
				GCC_WARN_UNUSED_FUNCTION = YES;
				GCC_WARN_UNUSED_VARIABLE = YES;
				IPHONEOS_DEPLOYMENT_TARGET = 16.2;
				MTL_ENABLE_DEBUG_INFO = INCLUDE_SOURCE;
				MTL_FAST_MATH = YES;
				ONLY_ACTIVE_ARCH = YES;
				SDKROOT = iphoneos;
				SWIFT_ACTIVE_COMPILATION_CONDITIONS = DEBUG;
				SWIFT_OPTIMIZATION_LEVEL = "-Onone";
			};
			name = Debug;
		};
		AA0A7561298AA6AF005D421E /* Release */ = {
			isa = XCBuildConfiguration;
			buildSettings = {
				ALWAYS_SEARCH_USER_PATHS = NO;
				CLANG_ANALYZER_NONNULL = YES;
				CLANG_ANALYZER_NUMBER_OBJECT_CONVERSION = YES_AGGRESSIVE;
				CLANG_CXX_LANGUAGE_STANDARD = "gnu++20";
				CLANG_ENABLE_MODULES = YES;
				CLANG_ENABLE_OBJC_ARC = YES;
				CLANG_ENABLE_OBJC_WEAK = YES;
				CLANG_WARN_BLOCK_CAPTURE_AUTORELEASING = YES;
				CLANG_WARN_BOOL_CONVERSION = YES;
				CLANG_WARN_COMMA = YES;
				CLANG_WARN_CONSTANT_CONVERSION = YES;
				CLANG_WARN_DEPRECATED_OBJC_IMPLEMENTATIONS = YES;
				CLANG_WARN_DIRECT_OBJC_ISA_USAGE = YES_ERROR;
				CLANG_WARN_DOCUMENTATION_COMMENTS = YES;
				CLANG_WARN_EMPTY_BODY = YES;
				CLANG_WARN_ENUM_CONVERSION = YES;
				CLANG_WARN_INFINITE_RECURSION = YES;
				CLANG_WARN_INT_CONVERSION = YES;
				CLANG_WARN_NON_LITERAL_NULL_CONVERSION = YES;
				CLANG_WARN_OBJC_IMPLICIT_RETAIN_SELF = YES;
				CLANG_WARN_OBJC_LITERAL_CONVERSION = YES;
				CLANG_WARN_OBJC_ROOT_CLASS = YES_ERROR;
				CLANG_WARN_QUOTED_INCLUDE_IN_FRAMEWORK_HEADER = YES;
				CLANG_WARN_RANGE_LOOP_ANALYSIS = YES;
				CLANG_WARN_STRICT_PROTOTYPES = YES;
				CLANG_WARN_SUSPICIOUS_MOVE = YES;
				CLANG_WARN_UNGUARDED_AVAILABILITY = YES_AGGRESSIVE;
				CLANG_WARN_UNREACHABLE_CODE = YES;
				CLANG_WARN__DUPLICATE_METHOD_MATCH = YES;
				COPY_PHASE_STRIP = NO;
				DEBUG_INFORMATION_FORMAT = "dwarf-with-dsym";
				ENABLE_NS_ASSERTIONS = NO;
				ENABLE_STRICT_OBJC_MSGSEND = YES;
				GCC_C_LANGUAGE_STANDARD = gnu11;
				GCC_NO_COMMON_BLOCKS = YES;
				GCC_WARN_64_TO_32_BIT_CONVERSION = YES;
				GCC_WARN_ABOUT_RETURN_TYPE = YES_ERROR;
				GCC_WARN_UNDECLARED_SELECTOR = YES;
				GCC_WARN_UNINITIALIZED_AUTOS = YES_AGGRESSIVE;
				GCC_WARN_UNUSED_FUNCTION = YES;
				GCC_WARN_UNUSED_VARIABLE = YES;
				IPHONEOS_DEPLOYMENT_TARGET = 16.2;
				MTL_ENABLE_DEBUG_INFO = NO;
				MTL_FAST_MATH = YES;
				SDKROOT = iphoneos;
				SWIFT_COMPILATION_MODE = wholemodule;
				SWIFT_OPTIMIZATION_LEVEL = "-O";
				VALIDATE_PRODUCT = YES;
			};
			name = Release;
		};
		AA0A7563298AA6AF005D421E /* Debug */ = {
			isa = XCBuildConfiguration;
			buildSettings = {
				ASSETCATALOG_COMPILER_APPICON_NAME = AppIcon;
				ASSETCATALOG_COMPILER_GLOBAL_ACCENT_COLOR_NAME = AccentColor;
				CODE_SIGN_STYLE = Automatic;
				CURRENT_PROJECT_VERSION = 1;
				DEVELOPMENT_TEAM = C268D3L4YC;
				GENERATE_INFOPLIST_FILE = YES;
				INFOPLIST_FILE = Carangas/Info.plist;
				INFOPLIST_KEY_UIApplicationSupportsIndirectInputEvents = YES;
				INFOPLIST_KEY_UILaunchStoryboardName = LaunchScreen;
				INFOPLIST_KEY_UISupportedInterfaceOrientations_iPad = "UIInterfaceOrientationPortrait UIInterfaceOrientationPortraitUpsideDown UIInterfaceOrientationLandscapeLeft UIInterfaceOrientationLandscapeRight";
				INFOPLIST_KEY_UISupportedInterfaceOrientations_iPhone = "UIInterfaceOrientationPortrait UIInterfaceOrientationLandscapeLeft UIInterfaceOrientationLandscapeRight";
				LD_RUNPATH_SEARCH_PATHS = (
					"$(inherited)",
					"@executable_path/Frameworks",
				);
				MARKETING_VERSION = 1.0;
				PRODUCT_BUNDLE_IDENTIFIER = com.thiagomoteiro.Carangas;
				PRODUCT_NAME = "$(TARGET_NAME)";
				SWIFT_EMIT_LOC_STRINGS = YES;
				SWIFT_VERSION = 5.0;
				TARGETED_DEVICE_FAMILY = "1,2";
			};
			name = Debug;
		};
		AA0A7564298AA6AF005D421E /* Release */ = {
			isa = XCBuildConfiguration;
			buildSettings = {
				ASSETCATALOG_COMPILER_APPICON_NAME = AppIcon;
				ASSETCATALOG_COMPILER_GLOBAL_ACCENT_COLOR_NAME = AccentColor;
				CODE_SIGN_STYLE = Automatic;
				CURRENT_PROJECT_VERSION = 1;
				DEVELOPMENT_TEAM = C268D3L4YC;
				GENERATE_INFOPLIST_FILE = YES;
				INFOPLIST_FILE = Carangas/Info.plist;
				INFOPLIST_KEY_UIApplicationSupportsIndirectInputEvents = YES;
				INFOPLIST_KEY_UILaunchStoryboardName = LaunchScreen;
				INFOPLIST_KEY_UISupportedInterfaceOrientations_iPad = "UIInterfaceOrientationPortrait UIInterfaceOrientationPortraitUpsideDown UIInterfaceOrientationLandscapeLeft UIInterfaceOrientationLandscapeRight";
				INFOPLIST_KEY_UISupportedInterfaceOrientations_iPhone = "UIInterfaceOrientationPortrait UIInterfaceOrientationLandscapeLeft UIInterfaceOrientationLandscapeRight";
				LD_RUNPATH_SEARCH_PATHS = (
					"$(inherited)",
					"@executable_path/Frameworks",
				);
				MARKETING_VERSION = 1.0;
				PRODUCT_BUNDLE_IDENTIFIER = com.thiagomoteiro.Carangas;
				PRODUCT_NAME = "$(TARGET_NAME)";
				SWIFT_EMIT_LOC_STRINGS = YES;
				SWIFT_VERSION = 5.0;
				TARGETED_DEVICE_FAMILY = "1,2";
			};
			name = Release;
		};
/* End XCBuildConfiguration section */

/* Begin XCConfigurationList section */
		AA0A7549298AA6AE005D421E /* Build configuration list for PBXProject "Carangas" */ = {
			isa = XCConfigurationList;
			buildConfigurations = (
				AA0A7560298AA6AF005D421E /* Debug */,
				AA0A7561298AA6AF005D421E /* Release */,
			);
			defaultConfigurationIsVisible = 0;
			defaultConfigurationName = Release;
		};
		AA0A7562298AA6AF005D421E /* Build configuration list for PBXNativeTarget "Carangas" */ = {
			isa = XCConfigurationList;
			buildConfigurations = (
				AA0A7563298AA6AF005D421E /* Debug */,
				AA0A7564298AA6AF005D421E /* Release */,
			);
			defaultConfigurationIsVisible = 0;
			defaultConfigurationName = Release;
		};
/* End XCConfigurationList section */
	};
	rootObject = AA0A7546298AA6AE005D421E /* Project object */;
}
